// !$*UTF8*$!
{
	archiveVersion = 1;
	classes = {
	};
	objectVersion = 46;
	objects = {

/* Begin PBXBuildFile section */
		3E7F64D11C0100B100F39DA8 /* main.m in Sources */ = {isa = PBXBuildFile; fileRef = 3E7F64D01C0100B100F39DA8 /* main.m */; };
		3E7F64D41C0100B100F39DA8 /* AppDelegate.m in Sources */ = {isa = PBXBuildFile; fileRef = 3E7F64D31C0100B100F39DA8 /* AppDelegate.m */; };
		3E7F64DA1C0100B100F39DA8 /* Main.storyboard in Resources */ = {isa = PBXBuildFile; fileRef = 3E7F64D81C0100B100F39DA8 /* Main.storyboard */; };
		3E7F64DD1C0100B200F39DA8 /* SPFinalTask.xcdatamodeld in Sources */ = {isa = PBXBuildFile; fileRef = 3E7F64DB1C0100B200F39DA8 /* SPFinalTask.xcdatamodeld */; };
		3E7F64DF1C0100B200F39DA8 /* Assets.xcassets in Resources */ = {isa = PBXBuildFile; fileRef = 3E7F64DE1C0100B200F39DA8 /* Assets.xcassets */; };
		3E7F64E21C0100B200F39DA8 /* LaunchScreen.storyboard in Resources */ = {isa = PBXBuildFile; fileRef = 3E7F64E01C0100B200F39DA8 /* LaunchScreen.storyboard */; };
		3E7F64EB1C0104DC00F39DA8 /* SPMainTableViewController.m in Sources */ = {isa = PBXBuildFile; fileRef = 3E7F64EA1C0104DC00F39DA8 /* SPMainTableViewController.m */; };
		3E7F64EF1C01055100F39DA8 /* SPMainTableViewCell.m in Sources */ = {isa = PBXBuildFile; fileRef = 3E7F64EE1C01055100F39DA8 /* SPMainTableViewCell.m */; };
		3E7F64F51C01173300F39DA8 /* SPBank+CoreDataProperties.m in Sources */ = {isa = PBXBuildFile; fileRef = 3E7F64F21C01173300F39DA8 /* SPBank+CoreDataProperties.m */; };
		3E7F64F61C01173300F39DA8 /* SPBank.m in Sources */ = {isa = PBXBuildFile; fileRef = 3E7F64F41C01173300F39DA8 /* SPBank.m */; };
		3E7F64FA1C01178E00F39DA8 /* SPCoreData.m in Sources */ = {isa = PBXBuildFile; fileRef = 3E7F64F91C01178E00F39DA8 /* SPCoreData.m */; };
		3E8C57C71C013EB2007DE1A9 /* appleLogoWhite.png in Resources */ = {isa = PBXBuildFile; fileRef = 3E8C57C61C013EB2007DE1A9 /* appleLogoWhite.png */; };
/* End PBXBuildFile section */

/* Begin PBXFileReference section */
		3E7F64CC1C0100B100F39DA8 /* SPFinalTask.app */ = {isa = PBXFileReference; explicitFileType = wrapper.application; includeInIndex = 0; path = SPFinalTask.app; sourceTree = BUILT_PRODUCTS_DIR; };
		3E7F64D01C0100B100F39DA8 /* main.m */ = {isa = PBXFileReference; lastKnownFileType = sourcecode.c.objc; path = main.m; sourceTree = "<group>"; };
		3E7F64D21C0100B100F39DA8 /* AppDelegate.h */ = {isa = PBXFileReference; lastKnownFileType = sourcecode.c.h; path = AppDelegate.h; sourceTree = "<group>"; };
		3E7F64D31C0100B100F39DA8 /* AppDelegate.m */ = {isa = PBXFileReference; lastKnownFileType = sourcecode.c.objc; path = AppDelegate.m; sourceTree = "<group>"; };
		3E7F64D91C0100B100F39DA8 /* Base */ = {isa = PBXFileReference; lastKnownFileType = file.storyboard; name = Base; path = Base.lproj/Main.storyboard; sourceTree = "<group>"; };
		3E7F64DC1C0100B200F39DA8 /* SPFinalTask.xcdatamodel */ = {isa = PBXFileReference; lastKnownFileType = wrapper.xcdatamodel; path = SPFinalTask.xcdatamodel; sourceTree = "<group>"; };
		3E7F64DE1C0100B200F39DA8 /* Assets.xcassets */ = {isa = PBXFileReference; lastKnownFileType = folder.assetcatalog; path = Assets.xcassets; sourceTree = "<group>"; };
		3E7F64E11C0100B200F39DA8 /* Base */ = {isa = PBXFileReference; lastKnownFileType = file.storyboard; name = Base; path = Base.lproj/LaunchScreen.storyboard; sourceTree = "<group>"; };
		3E7F64E31C0100B200F39DA8 /* Info.plist */ = {isa = PBXFileReference; lastKnownFileType = text.plist.xml; path = Info.plist; sourceTree = "<group>"; };
		3E7F64E91C0104DC00F39DA8 /* SPMainTableViewController.h */ = {isa = PBXFileReference; fileEncoding = 4; lastKnownFileType = sourcecode.c.h; name = SPMainTableViewController.h; path = SPClasses/SPControllers/SPMainTableViewController/SPMainTableViewController.h; sourceTree = "<group>"; };
		3E7F64EA1C0104DC00F39DA8 /* SPMainTableViewController.m */ = {isa = PBXFileReference; fileEncoding = 4; lastKnownFileType = sourcecode.c.objc; name = SPMainTableViewController.m; path = SPClasses/SPControllers/SPMainTableViewController/SPMainTableViewController.m; sourceTree = "<group>"; };
		3E7F64ED1C01055100F39DA8 /* SPMainTableViewCell.h */ = {isa = PBXFileReference; fileEncoding = 4; lastKnownFileType = sourcecode.c.h; name = SPMainTableViewCell.h; path = SPClasses/SPControllers/SPMainTableViewCell/SPMainTableViewCell.h; sourceTree = "<group>"; };
		3E7F64EE1C01055100F39DA8 /* SPMainTableViewCell.m */ = {isa = PBXFileReference; fileEncoding = 4; lastKnownFileType = sourcecode.c.objc; name = SPMainTableViewCell.m; path = SPClasses/SPControllers/SPMainTableViewCell/SPMainTableViewCell.m; sourceTree = "<group>"; };
		3E7F64F11C01173300F39DA8 /* SPBank+CoreDataProperties.h */ = {isa = PBXFileReference; fileEncoding = 4; lastKnownFileType = sourcecode.c.h; name = "SPBank+CoreDataProperties.h"; path = "SPClasses/SPModel/SPBank/SPBank+CoreDataProperties.h"; sourceTree = "<group>"; };
		3E7F64F21C01173300F39DA8 /* SPBank+CoreDataProperties.m */ = {isa = PBXFileReference; fileEncoding = 4; lastKnownFileType = sourcecode.c.objc; name = "SPBank+CoreDataProperties.m"; path = "SPClasses/SPModel/SPBank/SPBank+CoreDataProperties.m"; sourceTree = "<group>"; };
		3E7F64F31C01173300F39DA8 /* SPBank.h */ = {isa = PBXFileReference; fileEncoding = 4; lastKnownFileType = sourcecode.c.h; name = SPBank.h; path = SPClasses/SPModel/SPBank/SPBank.h; sourceTree = "<group>"; };
		3E7F64F41C01173300F39DA8 /* SPBank.m */ = {isa = PBXFileReference; fileEncoding = 4; lastKnownFileType = sourcecode.c.objc; name = SPBank.m; path = SPClasses/SPModel/SPBank/SPBank.m; sourceTree = "<group>"; };
		3E7F64F81C01178E00F39DA8 /* SPCoreData.h */ = {isa = PBXFileReference; fileEncoding = 4; lastKnownFileType = sourcecode.c.h; name = SPCoreData.h; path = SPClasses/SPModel/SPCoreData/SPCoreData.h; sourceTree = "<group>"; };
		3E7F64F91C01178E00F39DA8 /* SPCoreData.m */ = {isa = PBXFileReference; fileEncoding = 4; lastKnownFileType = sourcecode.c.objc; name = SPCoreData.m; path = SPClasses/SPModel/SPCoreData/SPCoreData.m; sourceTree = "<group>"; };
		3E8C57C61C013EB2007DE1A9 /* appleLogoWhite.png */ = {isa = PBXFileReference; lastKnownFileType = image.png; path = appleLogoWhite.png; sourceTree = "<group>"; };
/* End PBXFileReference section */

/* Begin PBXFrameworksBuildPhase section */
		3E7F64C91C0100B100F39DA8 /* Frameworks */ = {
			isa = PBXFrameworksBuildPhase;
			buildActionMask = 2147483647;
			files = (
			);
			runOnlyForDeploymentPostprocessing = 0;
		};
/* End PBXFrameworksBuildPhase section */

/* Begin PBXGroup section */
		3E7F64C31C0100B100F39DA8 = {
			isa = PBXGroup;
			children = (
				3E7F64CE1C0100B100F39DA8 /* SPFinalTask */,
				3E7F64CD1C0100B100F39DA8 /* Products */,
			);
			sourceTree = "<group>";
		};
		3E7F64CD1C0100B100F39DA8 /* Products */ = {
			isa = PBXGroup;
			children = (
				3E7F64CC1C0100B100F39DA8 /* SPFinalTask.app */,
			);
			name = Products;
			sourceTree = "<group>";
		};
		3E7F64CE1C0100B100F39DA8 /* SPFinalTask */ = {
			isa = PBXGroup;
			children = (
				3E7F64FC1C0117B400F39DA8 /* SPModel */,
				3E7F64EC1C0104E400F39DA8 /* SPMainTableViewController */,
				3E7F64F01C01055500F39DA8 /* SPTableViewCell */,
				3E7F64D21C0100B100F39DA8 /* AppDelegate.h */,
				3E7F64D31C0100B100F39DA8 /* AppDelegate.m */,
				3E7F64D81C0100B100F39DA8 /* Main.storyboard */,
				3E7F64DE1C0100B200F39DA8 /* Assets.xcassets */,
				3E7F64E01C0100B200F39DA8 /* LaunchScreen.storyboard */,
				3E7F64E31C0100B200F39DA8 /* Info.plist */,
				3E7F64DB1C0100B200F39DA8 /* SPFinalTask.xcdatamodeld */,
				3E7F64CF1C0100B100F39DA8 /* Supporting Files */,
			);
			path = SPFinalTask;
			sourceTree = "<group>";
		};
		3E7F64CF1C0100B100F39DA8 /* Supporting Files */ = {
			isa = PBXGroup;
			children = (
				3E8C57C61C013EB2007DE1A9 /* appleLogoWhite.png */,
				3E7F64D01C0100B100F39DA8 /* main.m */,
			);
			name = "Supporting Files";
			sourceTree = "<group>";
		};
		3E7F64EC1C0104E400F39DA8 /* SPMainTableViewController */ = {
			isa = PBXGroup;
			children = (
				3E7F64E91C0104DC00F39DA8 /* SPMainTableViewController.h */,
				3E7F64EA1C0104DC00F39DA8 /* SPMainTableViewController.m */,
			);
			name = SPMainTableViewController;
			sourceTree = "<group>";
		};
		3E7F64F01C01055500F39DA8 /* SPTableViewCell */ = {
			isa = PBXGroup;
			children = (
				3E7F64ED1C01055100F39DA8 /* SPMainTableViewCell.h */,
				3E7F64EE1C01055100F39DA8 /* SPMainTableViewCell.m */,
			);
			name = SPTableViewCell;
			sourceTree = "<group>";
		};
		3E7F64F71C01173C00F39DA8 /* SPBank */ = {
			isa = PBXGroup;
			children = (
				3E7F64F11C01173300F39DA8 /* SPBank+CoreDataProperties.h */,
				3E7F64F21C01173300F39DA8 /* SPBank+CoreDataProperties.m */,
				3E7F64F31C01173300F39DA8 /* SPBank.h */,
				3E7F64F41C01173300F39DA8 /* SPBank.m */,
			);
			name = SPBank;
			sourceTree = "<group>";
		};
		3E7F64FB1C0117A800F39DA8 /* SPCoreData */ = {
			isa = PBXGroup;
			children = (
				3E7F64F81C01178E00F39DA8 /* SPCoreData.h */,
				3E7F64F91C01178E00F39DA8 /* SPCoreData.m */,
			);
			name = SPCoreData;
			sourceTree = "<group>";
		};
		3E7F64FC1C0117B400F39DA8 /* SPModel */ = {
			isa = PBXGroup;
			children = (
				3E7F64F71C01173C00F39DA8 /* SPBank */,
				3E7F64FB1C0117A800F39DA8 /* SPCoreData */,
			);
			name = SPModel;
			sourceTree = "<group>";
		};
/* End PBXGroup section */

/* Begin PBXNativeTarget section */
		3E7F64CB1C0100B100F39DA8 /* SPFinalTask */ = {
			isa = PBXNativeTarget;
			buildConfigurationList = 3E7F64E61C0100B200F39DA8 /* Build configuration list for PBXNativeTarget "SPFinalTask" */;
			buildPhases = (
				3E7F64C81C0100B100F39DA8 /* Sources */,
				3E7F64C91C0100B100F39DA8 /* Frameworks */,
				3E7F64CA1C0100B100F39DA8 /* Resources */,
			);
			buildRules = (
			);
			dependencies = (
			);
			name = SPFinalTask;
			productName = SPFinalTask;
			productReference = 3E7F64CC1C0100B100F39DA8 /* SPFinalTask.app */;
			productType = "com.apple.product-type.application";
		};
/* End PBXNativeTarget section */

/* Begin PBXProject section */
		3E7F64C41C0100B100F39DA8 /* Project object */ = {
			isa = PBXProject;
			attributes = {
				LastUpgradeCheck = 0710;
				ORGANIZATIONNAME = popovychs;
				TargetAttributes = {
					3E7F64CB1C0100B100F39DA8 = {
						CreatedOnToolsVersion = 7.1;
					};
				};
			};
			buildConfigurationList = 3E7F64C71C0100B100F39DA8 /* Build configuration list for PBXProject "SPFinalTask" */;
			compatibilityVersion = "Xcode 3.2";
			developmentRegion = English;
			hasScannedForEncodings = 0;
			knownRegions = (
				en,
				Base,
			);
			mainGroup = 3E7F64C31C0100B100F39DA8;
			productRefGroup = 3E7F64CD1C0100B100F39DA8 /* Products */;
			projectDirPath = "";
			projectRoot = "";
			targets = (
				3E7F64CB1C0100B100F39DA8 /* SPFinalTask */,
			);
		};
/* End PBXProject section */

/* Begin PBXResourcesBuildPhase section */
		3E7F64CA1C0100B100F39DA8 /* Resources */ = {
			isa = PBXResourcesBuildPhase;
			buildActionMask = 2147483647;
			files = (
				3E7F64E21C0100B200F39DA8 /* LaunchScreen.storyboard in Resources */,
				3E8C57C71C013EB2007DE1A9 /* appleLogoWhite.png in Resources */,
				3E7F64DF1C0100B200F39DA8 /* Assets.xcassets in Resources */,
				3E7F64DA1C0100B100F39DA8 /* Main.storyboard in Resources */,
			);
			runOnlyForDeploymentPostprocessing = 0;
		};
/* End PBXResourcesBuildPhase section */

/* Begin PBXSourcesBuildPhase section */
		3E7F64C81C0100B100F39DA8 /* Sources */ = {
			isa = PBXSourcesBuildPhase;
			buildActionMask = 2147483647;
			files = (
				3E7F64DD1C0100B200F39DA8 /* SPFinalTask.xcdatamodeld in Sources */,
				3E7F64EB1C0104DC00F39DA8 /* SPMainTableViewController.m in Sources */,
				3E7F64F61C01173300F39DA8 /* SPBank.m in Sources */,
				3E7F64F51C01173300F39DA8 /* SPBank+CoreDataProperties.m in Sources */,
				3E7F64D41C0100B100F39DA8 /* AppDelegate.m in Sources */,
				3E7F64FA1C01178E00F39DA8 /* SPCoreData.m in Sources */,
				3E7F64D11C0100B100F39DA8 /* main.m in Sources */,
				3E7F64EF1C01055100F39DA8 /* SPMainTableViewCell.m in Sources */,
			);
			runOnlyForDeploymentPostprocessing = 0;
		};
/* End PBXSourcesBuildPhase section */

/* Begin PBXVariantGroup section */
		3E7F64D81C0100B100F39DA8 /* Main.storyboard */ = {
			isa = PBXVariantGroup;
			children = (
				3E7F64D91C0100B100F39DA8 /* Base */,
			);
			name = Main.storyboard;
			sourceTree = "<group>";
		};
		3E7F64E01C0100B200F39DA8 /* LaunchScreen.storyboard */ = {
			isa = PBXVariantGroup;
			children = (
				3E7F64E11C0100B200F39DA8 /* Base */,
			);
			name = LaunchScreen.storyboard;
			sourceTree = "<group>";
		};
/* End PBXVariantGroup section */

/* Begin XCBuildConfiguration section */
		3E7F64E41C0100B200F39DA8 /* Debug */ = {
			isa = XCBuildConfiguration;
			buildSettings = {
				ALWAYS_SEARCH_USER_PATHS = NO;
				CLANG_CXX_LANGUAGE_STANDARD = "gnu++0x";
				CLANG_CXX_LIBRARY = "libc++";
				CLANG_ENABLE_MODULES = YES;
				CLANG_ENABLE_OBJC_ARC = YES;
				CLANG_WARN_BOOL_CONVERSION = YES;
				CLANG_WARN_CONSTANT_CONVERSION = YES;
				CLANG_WARN_DIRECT_OBJC_ISA_USAGE = YES_ERROR;
				CLANG_WARN_EMPTY_BODY = YES;
				CLANG_WARN_ENUM_CONVERSION = YES;
				CLANG_WARN_INT_CONVERSION = YES;
				CLANG_WARN_OBJC_ROOT_CLASS = YES_ERROR;
				CLANG_WARN_UNREACHABLE_CODE = YES;
				CLANG_WARN__DUPLICATE_METHOD_MATCH = YES;
				"CODE_SIGN_IDENTITY[sdk=iphoneos*]" = "iPhone Developer";
				COPY_PHASE_STRIP = NO;
				DEBUG_INFORMATION_FORMAT = dwarf;
				ENABLE_STRICT_OBJC_MSGSEND = YES;
				ENABLE_TESTABILITY = YES;
				GCC_C_LANGUAGE_STANDARD = gnu99;
				GCC_DYNAMIC_NO_PIC = NO;
				GCC_NO_COMMON_BLOCKS = YES;
				GCC_OPTIMIZATION_LEVEL = 0;
				GCC_PREPROCESSOR_DEFINITIONS = (
					"DEBUG=1",
					"$(inherited)",
				);
				GCC_WARN_64_TO_32_BIT_CONVERSION = YES;
				GCC_WARN_ABOUT_RETURN_TYPE = YES_ERROR;
				GCC_WARN_UNDECLARED_SELECTOR = YES;
				GCC_WARN_UNINITIALIZED_AUTOS = YES_AGGRESSIVE;
				GCC_WARN_UNUSED_FUNCTION = YES;
				GCC_WARN_UNUSED_VARIABLE = YES;
				IPHONEOS_DEPLOYMENT_TARGET = 9.1;
				MTL_ENABLE_DEBUG_INFO = YES;
				ONLY_ACTIVE_ARCH = YES;
				SDKROOT = iphoneos;
			};
			name = Debug;
		};
		3E7F64E51C0100B200F39DA8 /* Release */ = {
			isa = XCBuildConfiguration;
			buildSettings = {
				ALWAYS_SEARCH_USER_PATHS = NO;
				CLANG_CXX_LANGUAGE_STANDARD = "gnu++0x";
				CLANG_CXX_LIBRARY = "libc++";
				CLANG_ENABLE_MODULES = YES;
				CLANG_ENABLE_OBJC_ARC = YES;
				CLANG_WARN_BOOL_CONVERSION = YES;
				CLANG_WARN_CONSTANT_CONVERSION = YES;
				CLANG_WARN_DIRECT_OBJC_ISA_USAGE = YES_ERROR;
				CLANG_WARN_EMPTY_BODY = YES;
				CLANG_WARN_ENUM_CONVERSION = YES;
				CLANG_WARN_INT_CONVERSION = YES;
				CLANG_WARN_OBJC_ROOT_CLASS = YES_ERROR;
				CLANG_WARN_UNREACHABLE_CODE = YES;
				CLANG_WARN__DUPLICATE_METHOD_MATCH = YES;
				"CODE_SIGN_IDENTITY[sdk=iphoneos*]" = "iPhone Developer";
				COPY_PHASE_STRIP = NO;
				DEBUG_INFORMATION_FORMAT = "dwarf-with-dsym";
				ENABLE_NS_ASSERTIONS = NO;
				ENABLE_STRICT_OBJC_MSGSEND = YES;
				GCC_C_LANGUAGE_STANDARD = gnu99;
				GCC_NO_COMMON_BLOCKS = YES;
				GCC_WARN_64_TO_32_BIT_CONVERSION = YES;
				GCC_WARN_ABOUT_RETURN_TYPE = YES_ERROR;
				GCC_WARN_UNDECLARED_SELECTOR = YES;
				GCC_WARN_UNINITIALIZED_AUTOS = YES_AGGRESSIVE;
				GCC_WARN_UNUSED_FUNCTION = YES;
				GCC_WARN_UNUSED_VARIABLE = YES;
				IPHONEOS_DEPLOYMENT_TARGET = 9.1;
				MTL_ENABLE_DEBUG_INFO = NO;
				SDKROOT = iphoneos;
				VALIDATE_PRODUCT = YES;
			};
			name = Release;
		};
		3E7F64E71C0100B200F39DA8 /* Debug */ = {
			isa = XCBuildConfiguration;
			buildSettings = {
				ASSETCATALOG_COMPILER_APPICON_NAME = AppIcon;
				INFOPLIST_FILE = SPFinalTask/Info.plist;
				LD_RUNPATH_SEARCH_PATHS = "$(inherited) @executable_path/Frameworks";
				PRODUCT_BUNDLE_IDENTIFIER = popovychs.SPFinalTask;
				PRODUCT_NAME = "$(TARGET_NAME)";
			};
			name = Debug;
		};
		3E7F64E81C0100B200F39DA8 /* Release */ = {
			isa = XCBuildConfiguration;
			buildSettings = {
				ASSETCATALOG_COMPILER_APPICON_NAME = AppIcon;
				INFOPLIST_FILE = SPFinalTask/Info.plist;
				LD_RUNPATH_SEARCH_PATHS = "$(inherited) @executable_path/Frameworks";
				PRODUCT_BUNDLE_IDENTIFIER = popovychs.SPFinalTask;
				PRODUCT_NAME = "$(TARGET_NAME)";
			};
			name = Release;
		};
/* End XCBuildConfiguration section */

/* Begin XCConfigurationList section */
		3E7F64C71C0100B100F39DA8 /* Build configuration list for PBXProject "SPFinalTask" */ = {
			isa = XCConfigurationList;
			buildConfigurations = (
				3E7F64E41C0100B200F39DA8 /* Debug */,
				3E7F64E51C0100B200F39DA8 /* Release */,
			);
			defaultConfigurationIsVisible = 0;
			defaultConfigurationName = Release;
		};
		3E7F64E61C0100B200F39DA8 /* Build configuration list for PBXNativeTarget "SPFinalTask" */ = {
			isa = XCConfigurationList;
			buildConfigurations = (
				3E7F64E71C0100B200F39DA8 /* Debug */,
				3E7F64E81C0100B200F39DA8 /* Release */,
			);
			defaultConfigurationIsVisible = 0;
			defaultConfigurationName = Release;
		};
/* End XCConfigurationList section */

/* Begin XCVersionGroup section */
		3E7F64DB1C0100B200F39DA8 /* SPFinalTask.xcdatamodeld */ = {
			isa = XCVersionGroup;
			children = (
				3E7F64DC1C0100B200F39DA8 /* SPFinalTask.xcdatamodel */,
			);
			currentVersion = 3E7F64DC1C0100B200F39DA8 /* SPFinalTask.xcdatamodel */;
			path = SPFinalTask.xcdatamodeld;
			sourceTree = "<group>";
			versionGroupType = wrapper.xcdatamodel;
		};
/* End XCVersionGroup section */
	};
	rootObject = 3E7F64C41C0100B100F39DA8 /* Project object */;
}
